
Microsoft Visual Studio Solution File, Format Version 12.00
# Visual Studio 15
VisualStudioVersion = 15.0.27703.2042
MinimumVisualStudioVersion = 10.0.40219.1
Project("{FAE04EC0-301F-11D3-BF4B-00C04F79EFBC}") = "BugEntryVsKeyboard.Android", "BugEntryVsKeyboard\BugEntryVsKeyboard.Android\BugEntryVsKeyboard.Android.csproj", "{7D2EC4CC-6BE0-4727-A003-4E3637B99C0E}"
EndProject
Project("{FAE04EC0-301F-11D3-BF4B-00C04F79EFBC}") = "BugEntryVsKeyboard.iOS", "BugEntryVsKeyboard\BugEntryVsKeyboard.iOS\BugEntryVsKeyboard.iOS.csproj", "{3332E179-3510-435F-AD73-AFD703D37211}"
EndProject
Project("{FAE04EC0-301F-11D3-BF4B-00C04F79EFBC}") = "BugEntryVsKeyboard", "BugEntryVsKeyboard\BugEntryVsKeyboard\BugEntryVsKeyboard.csproj", "{76C885E1-746E-49C3-9842-69D387AAAC26}"
EndProject
Global
	GlobalSection(SolutionConfigurationPlatforms) = preSolution
		Ad-Hoc|Any CPU = Ad-Hoc|Any CPU
		Ad-Hoc|iPhone = Ad-Hoc|iPhone
		Ad-Hoc|iPhoneSimulator = Ad-Hoc|iPhoneSimulator
		AppStore|Any CPU = AppStore|Any CPU
		AppStore|iPhone = AppStore|iPhone
		AppStore|iPhoneSimulator = AppStore|iPhoneSimulator
		Debug|Any CPU = Debug|Any CPU
		Debug|iPhone = Debug|iPhone
		Debug|iPhoneSimulator = Debug|iPhoneSimulator
		Release|Any CPU = Release|Any CPU
		Release|iPhone = Release|iPhone
		Release|iPhoneSimulator = Release|iPhoneSimulator
	EndGlobalSection
	GlobalSection(ProjectConfigurationPlatforms) = postSolution
		{7D2EC4CC-6BE0-4727-A003-4E3637B99C0E}.Ad-Hoc|Any CPU.ActiveCfg = Release|Any CPU
		{7D2EC4CC-6BE0-4727-A003-4E3637B99C0E}.Ad-Hoc|Any CPU.Build.0 = Release|Any CPU
		{7D2EC4CC-6BE0-4727-A003-4E3637B99C0E}.Ad-Hoc|Any CPU.Deploy.0 = Release|Any CPU
		{7D2EC4CC-6BE0-4727-A003-4E3637B99C0E}.Ad-Hoc|iPhone.ActiveCfg = Release|Any CPU
		{7D2EC4CC-6BE0-4727-A003-4E3637B99C0E}.Ad-Hoc|iPhone.Build.0 = Release|Any CPU
		{7D2EC4CC-6BE0-4727-A003-4E3637B99C0E}.Ad-Hoc|iPhone.Deploy.0 = Release|Any CPU
		{7D2EC4CC-6BE0-4727-A003-4E3637B99C0E}.Ad-Hoc|iPhoneSimulator.ActiveCfg = Release|Any CPU
		{7D2EC4CC-6BE0-4727-A003-4E3637B99C0E}.Ad-Hoc|iPhoneSimulator.Build.0 = Release|Any CPU
		{7D2EC4CC-6BE0-4727-A003-4E3637B99C0E}.Ad-Hoc|iPhoneSimulator.Deploy.0 = Release|Any CPU
		{7D2EC4CC-6BE0-4727-A003-4E3637B99C0E}.AppStore|Any CPU.ActiveCfg = Release|Any CPU
		{7D2EC4CC-6BE0-4727-A003-4E3637B99C0E}.AppStore|Any CPU.Build.0 = Release|Any CPU
		{7D2EC4CC-6BE0-4727-A003-4E3637B99C0E}.AppStore|Any CPU.Deploy.0 = Release|Any CPU
		{7D2EC4CC-6BE0-4727-A003-4E3637B99C0E}.AppStore|iPhone.ActiveCfg = Release|Any CPU
		{7D2EC4CC-6BE0-4727-A003-4E3637B99C0E}.AppStore|iPhone.Build.0 = Release|Any CPU
		{7D2EC4CC-6BE0-4727-A003-4E3637B99C0E}.AppStore|iPhone.Deploy.0 = Release|Any CPU
		{7D2EC4CC-6BE0-4727-A003-4E3637B99C0E}.AppStore|iPhoneSimulator.ActiveCfg = Release|Any CPU
		{7D2EC4CC-6BE0-4727-A003-4E3637B99C0E}.AppStore|iPhoneSimulator.Build.0 = Release|Any CPU
		{7D2EC4CC-6BE0-4727-A003-4E3637B99C0E}.AppStore|iPhoneSimulator.Deploy.0 = Release|Any CPU
		{7D2EC4CC-6BE0-4727-A003-4E3637B99C0E}.Debug|Any CPU.ActiveCfg = Debug|Any CPU
		{7D2EC4CC-6BE0-4727-A003-4E3637B99C0E}.Debug|Any CPU.Build.0 = Debug|Any CPU
		{7D2EC4CC-6BE0-4727-A003-4E3637B99C0E}.Debug|Any CPU.Deploy.0 = Debug|Any CPU
		{7D2EC4CC-6BE0-4727-A003-4E3637B99C0E}.Debug|iPhone.ActiveCfg = Debug|Any CPU
		{7D2EC4CC-6BE0-4727-A003-4E3637B99C0E}.Debug|iPhone.Build.0 = Debug|Any CPU
		{7D2EC4CC-6BE0-4727-A003-4E3637B99C0E}.Debug|iPhone.Deploy.0 = Debug|Any CPU
		{7D2EC4CC-6BE0-4727-A003-4E3637B99C0E}.Debug|iPhoneSimulator.ActiveCfg = Debug|Any CPU
		{7D2EC4CC-6BE0-4727-A003-4E3637B99C0E}.Debug|iPhoneSimulator.Build.0 = Debug|Any CPU
		{7D2EC4CC-6BE0-4727-A003-4E3637B99C0E}.Debug|iPhoneSimulator.Deploy.0 = Debug|Any CPU
		{7D2EC4CC-6BE0-4727-A003-4E3637B99C0E}.Release|Any CPU.ActiveCfg = Release|Any CPU
		{7D2EC4CC-6BE0-4727-A003-4E3637B99C0E}.Release|Any CPU.Build.0 = Release|Any CPU
		{7D2EC4CC-6BE0-4727-A003-4E3637B99C0E}.Release|Any CPU.Deploy.0 = Release|Any CPU
		{7D2EC4CC-6BE0-4727-A003-4E3637B99C0E}.Release|iPhone.ActiveCfg = Release|Any CPU
		{7D2EC4CC-6BE0-4727-A003-4E3637B99C0E}.Release|iPhone.Build.0 = Release|Any CPU
		{7D2EC4CC-6BE0-4727-A003-4E3637B99C0E}.Release|iPhone.Deploy.0 = Release|Any CPU
		{7D2EC4CC-6BE0-4727-A003-4E3637B99C0E}.Release|iPhoneSimulator.ActiveCfg = Release|Any CPU
		{7D2EC4CC-6BE0-4727-A003-4E3637B99C0E}.Release|iPhoneSimulator.Build.0 = Release|Any CPU
		{7D2EC4CC-6BE0-4727-A003-4E3637B99C0E}.Release|iPhoneSimulator.Deploy.0 = Release|Any CPU
		{3332E179-3510-435F-AD73-AFD703D37211}.Ad-Hoc|Any CPU.ActiveCfg = Ad-Hoc|iPhone
		{3332E179-3510-435F-AD73-AFD703D37211}.Ad-Hoc|Any CPU.Build.0 = Ad-Hoc|iPhone
		{3332E179-3510-435F-AD73-AFD703D37211}.Ad-Hoc|Any CPU.Deploy.0 = Ad-Hoc|iPhone
		{3332E179-3510-435F-AD73-AFD703D37211}.Ad-Hoc|iPhone.ActiveCfg = Ad-Hoc|iPhone
		{3332E179-3510-435F-AD73-AFD703D37211}.Ad-Hoc|iPhone.Build.0 = Ad-Hoc|iPhone
		{3332E179-3510-435F-AD73-AFD703D37211}.Ad-Hoc|iPhone.Deploy.0 = Ad-Hoc|iPhone
		{3332E179-3510-435F-AD73-AFD703D37211}.Ad-Hoc|iPhoneSimulator.ActiveCfg = Ad-Hoc|iPhoneSimulator
		{3332E179-3510-435F-AD73-AFD703D37211}.Ad-Hoc|iPhoneSimulator.Build.0 = Ad-Hoc|iPhoneSimulator
		{3332E179-3510-435F-AD73-AFD703D37211}.Ad-Hoc|iPhoneSimulator.Deploy.0 = Ad-Hoc|iPhoneSimulator
		{3332E179-3510-435F-AD73-AFD703D37211}.AppStore|Any CPU.ActiveCfg = AppStore|iPhone
		{3332E179-3510-435F-AD73-AFD703D37211}.AppStore|Any CPU.Build.0 = AppStore|iPhone
		{3332E179-3510-435F-AD73-AFD703D37211}.AppStore|Any CPU.Deploy.0 = AppStore|iPhone
		{3332E179-3510-435F-AD73-AFD703D37211}.AppStore|iPhone.ActiveCfg = AppStore|iPhone
		{3332E179-3510-435F-AD73-AFD703D37211}.AppStore|iPhone.Build.0 = AppStore|iPhone
		{3332E179-3510-435F-AD73-AFD703D37211}.AppStore|iPhone.Deploy.0 = AppStore|iPhone
		{3332E179-3510-435F-AD73-AFD703D37211}.AppStore|iPhoneSimulator.ActiveCfg = AppStore|iPhoneSimulator
		{3332E179-3510-435F-AD73-AFD703D37211}.AppStore|iPhoneSimulator.Build.0 = AppStore|iPhoneSimulator
		{3332E179-3510-435F-AD73-AFD703D37211}.AppStore|iPhoneSimulator.Deploy.0 = AppStore|iPhoneSimulator
		{3332E179-3510-435F-AD73-AFD703D37211}.Debug|Any CPU.ActiveCfg = Debug|iPhoneSimulator
		{3332E179-3510-435F-AD73-AFD703D37211}.Debug|Any CPU.Build.0 = Debug|iPhoneSimulator
		{3332E179-3510-435F-AD73-AFD703D37211}.Debug|Any CPU.Deploy.0 = Debug|iPhoneSimulator
		{3332E179-3510-435F-AD73-AFD703D37211}.Debug|iPhone.ActiveCfg = Debug|iPhone
		{3332E179-3510-435F-AD73-AFD703D37211}.Debug|iPhone.Build.0 = Debug|iPhone
		{3332E179-3510-435F-AD73-AFD703D37211}.Debug|iPhone.Deploy.0 = Debug|iPhone
		{3332E179-3510-435F-AD73-AFD703D37211}.Debug|iPhoneSimulator.ActiveCfg = Debug|iPhoneSimulator
		{3332E179-3510-435F-AD73-AFD703D37211}.Debug|iPhoneSimulator.Build.0 = Debug|iPhoneSimulator
		{3332E179-3510-435F-AD73-AFD703D37211}.Debug|iPhoneSimulator.Deploy.0 = Debug|iPhoneSimulator
		{3332E179-3510-435F-AD73-AFD703D37211}.Release|Any CPU.ActiveCfg = Release|iPhone
		{3332E179-3510-435F-AD73-AFD703D37211}.Release|Any CPU.Build.0 = Release|iPhone
		{3332E179-3510-435F-AD73-AFD703D37211}.Release|Any CPU.Deploy.0 = Release|iPhone
		{3332E179-3510-435F-AD73-AFD703D37211}.Release|iPhone.ActiveCfg = Release|iPhone
		{3332E179-3510-435F-AD73-AFD703D37211}.Release|iPhone.Build.0 = Release|iPhone
		{3332E179-3510-435F-AD73-AFD703D37211}.Release|iPhone.Deploy.0 = Release|iPhone
		{3332E179-3510-435F-AD73-AFD703D37211}.Release|iPhoneSimulator.ActiveCfg = Release|iPhoneSimulator
		{3332E179-3510-435F-AD73-AFD703D37211}.Release|iPhoneSimulator.Build.0 = Release|iPhoneSimulator
		{3332E179-3510-435F-AD73-AFD703D37211}.Release|iPhoneSimulator.Deploy.0 = Release|iPhoneSimulator
		{76C885E1-746E-49C3-9842-69D387AAAC26}.Ad-Hoc|Any CPU.ActiveCfg = Debug|Any CPU
		{76C885E1-746E-49C3-9842-69D387AAAC26}.Ad-Hoc|Any CPU.Build.0 = Debug|Any CPU
		{76C885E1-746E-49C3-9842-69D387AAAC26}.Ad-Hoc|Any CPU.Deploy.0 = Debug|Any CPU
		{76C885E1-746E-49C3-9842-69D387AAAC26}.Ad-Hoc|iPhone.ActiveCfg = Debug|Any CPU
		{76C885E1-746E-49C3-9842-69D387AAAC26}.Ad-Hoc|iPhone.Build.0 = Debug|Any CPU
		{76C885E1-746E-49C3-9842-69D387AAAC26}.Ad-Hoc|iPhone.Deploy.0 = Debug|Any CPU
		{76C885E1-746E-49C3-9842-69D387AAAC26}.Ad-Hoc|iPhoneSimulator.ActiveCfg = Debug|Any CPU
		{76C885E1-746E-49C3-9842-69D387AAAC26}.Ad-Hoc|iPhoneSimulator.Build.0 = Debug|Any CPU
		{76C885E1-746E-49C3-9842-69D387AAAC26}.Ad-Hoc|iPhoneSimulator.Deploy.0 = Debug|Any CPU
		{76C885E1-746E-49C3-9842-69D387AAAC26}.AppStore|Any CPU.ActiveCfg = Debug|Any CPU
		{76C885E1-746E-49C3-9842-69D387AAAC26}.AppStore|Any CPU.Build.0 = Debug|Any CPU
		{76C885E1-746E-49C3-9842-69D387AAAC26}.AppStore|Any CPU.Deploy.0 = Debug|Any CPU
		{76C885E1-746E-49C3-9842-69D387AAAC26}.AppStore|iPhone.ActiveCfg = Debug|Any CPU
		{76C885E1-746E-49C3-9842-69D387AAAC26}.AppStore|iPhone.Build.0 = Debug|Any CPU
		{76C885E1-746E-49C3-9842-69D387AAAC26}.AppStore|iPhone.Deploy.0 = Debug|Any CPU
		{76C885E1-746E-49C3-9842-69D387AAAC26}.AppStore|iPhoneSimulator.ActiveCfg = Debug|Any CPU
		{76C885E1-746E-49C3-9842-69D387AAAC26}.AppStore|iPhoneSimulator.Build.0 = Debug|Any CPU
		{76C885E1-746E-49C3-9842-69D387AAAC26}.AppStore|iPhoneSimulator.Deploy.0 = Debug|Any CPU
		{76C885E1-746E-49C3-9842-69D387AAAC26}.Debug|Any CPU.ActiveCfg = Debug|Any CPU
		{76C885E1-746E-49C3-9842-69D387AAAC26}.Debug|Any CPU.Build.0 = Debug|Any CPU
		{76C885E1-746E-49C3-9842-69D387AAAC26}.Debug|Any CPU.Deploy.0 = Debug|Any CPU
		{76C885E1-746E-49C3-9842-69D387AAAC26}.Debug|iPhone.ActiveCfg = Debug|Any CPU
		{76C885E1-746E-49C3-9842-69D387AAAC26}.Debug|iPhone.Build.0 = Debug|Any CPU
		{76C885E1-746E-49C3-9842-69D387AAAC26}.Debug|iPhone.Deploy.0 = Debug|Any CPU
		{76C885E1-746E-49C3-9842-69D387AAAC26}.Debug|iPhoneSimulator.ActiveCfg = Debug|Any CPU
		{76C885E1-746E-49C3-9842-69D387AAAC26}.Debug|iPhoneSimulator.Build.0 = Debug|Any CPU
		{76C885E1-746E-49C3-9842-69D387AAAC26}.Debug|iPhoneSimulator.Deploy.0 = Debug|Any CPU
		{76C885E1-746E-49C3-9842-69D387AAAC26}.Release|Any CPU.ActiveCfg = Release|Any CPU
		{76C885E1-746E-49C3-9842-69D387AAAC26}.Release|Any CPU.Build.0 = Release|Any CPU
		{76C885E1-746E-49C3-9842-69D387AAAC26}.Release|Any CPU.Deploy.0 = Release|Any CPU
		{76C885E1-746E-49C3-9842-69D387AAAC26}.Release|iPhone.ActiveCfg = Release|Any CPU
		{76C885E1-746E-49C3-9842-69D387AAAC26}.Release|iPhone.Build.0 = Release|Any CPU
		{76C885E1-746E-49C3-9842-69D387AAAC26}.Release|iPhone.Deploy.0 = Release|Any CPU
		{76C885E1-746E-49C3-9842-69D387AAAC26}.Release|iPhoneSimulator.ActiveCfg = Release|Any CPU
		{76C885E1-746E-49C3-9842-69D387AAAC26}.Release|iPhoneSimulator.Build.0 = Release|Any CPU
		{76C885E1-746E-49C3-9842-69D387AAAC26}.Release|iPhoneSimulator.Deploy.0 = Release|Any CPU
	EndGlobalSection
	GlobalSection(SolutionProperties) = preSolution
		HideSolutionNode = FALSE
	EndGlobalSection
	GlobalSection(ExtensibilityGlobals) = postSolution
		SolutionGuid = {F2130314-2C45-4D3E-B4E3-211C891440B3}
	EndGlobalSection
EndGlobal
